
Microsoft Visual Studio Solution File, Format Version 12.00
# Visual Studio Version 16
VisualStudioVersion = 16.0.31205.134
MinimumVisualStudioVersion = 10.0.40219.1
Project("{9A19103F-16F7-4668-BE54-9A1E7A4F7556}") = "DbgCensus.Core", "DbgCensus.Core\DbgCensus.Core.csproj", "{13FA7D5E-3C4D-41F4-A5DF-A53B6D3AE203}"
EndProject
Project("{9A19103F-16F7-4668-BE54-9A1E7A4F7556}") = "DbgCensus.Rest", "DbgCensus.Rest\DbgCensus.Rest.csproj", "{3541A98B-AF20-412A-BCD8-CA1478F32136}"
EndProject
Project("{9A19103F-16F7-4668-BE54-9A1E7A4F7556}") = "DbgCensus.Tests", "DbgCensus.Tests\DbgCensus.Tests.csproj", "{B1EE538E-9C94-4773-BBF0-C0B5E94FA3F1}"
EndProject
Project("{9A19103F-16F7-4668-BE54-9A1E7A4F7556}") = "DbgCensus.EventStream", "DbgCensus.EventStream\DbgCensus.EventStream.csproj", "{C8C4E92A-793F-431E-858E-0190A24E35D2}"
EndProject
Project("{9A19103F-16F7-4668-BE54-9A1E7A4F7556}") = "EventStreamSample", "Samples\EventStreamSample\EventStreamSample.csproj", "{5D4E1B12-E20D-4918-A4DC-FFF4EC0EEDE1}"
EndProject
Project("{2150E333-8FDC-42A3-9474-1A3956D46DE8}") = "Samples", "Samples", "{192E67B9-9A22-4A5F-BBFD-608F4A6C2807}"
EndProject
Project("{9A19103F-16F7-4668-BE54-9A1E7A4F7556}") = "RestSample", "Samples\RestSample\RestSample.csproj", "{4C123014-3A3B-40AA-92CD-1488FD0A28D3}"
EndProject
Global
	GlobalSection(SolutionConfigurationPlatforms) = preSolution
		Debug|Any CPU = Debug|Any CPU
		Release|Any CPU = Release|Any CPU
	EndGlobalSection
	GlobalSection(ProjectConfigurationPlatforms) = postSolution
		{13FA7D5E-3C4D-41F4-A5DF-A53B6D3AE203}.Debug|Any CPU.ActiveCfg = Debug|Any CPU
		{13FA7D5E-3C4D-41F4-A5DF-A53B6D3AE203}.Debug|Any CPU.Build.0 = Debug|Any CPU
		{13FA7D5E-3C4D-41F4-A5DF-A53B6D3AE203}.Release|Any CPU.ActiveCfg = Release|Any CPU
		{13FA7D5E-3C4D-41F4-A5DF-A53B6D3AE203}.Release|Any CPU.Build.0 = Release|Any CPU
		{3541A98B-AF20-412A-BCD8-CA1478F32136}.Debug|Any CPU.ActiveCfg = Debug|Any CPU
		{3541A98B-AF20-412A-BCD8-CA1478F32136}.Debug|Any CPU.Build.0 = Debug|Any CPU
		{3541A98B-AF20-412A-BCD8-CA1478F32136}.Release|Any CPU.ActiveCfg = Release|Any CPU
		{3541A98B-AF20-412A-BCD8-CA1478F32136}.Release|Any CPU.Build.0 = Release|Any CPU
		{B1EE538E-9C94-4773-BBF0-C0B5E94FA3F1}.Debug|Any CPU.ActiveCfg = Debug|Any CPU
		{B1EE538E-9C94-4773-BBF0-C0B5E94FA3F1}.Debug|Any CPU.Build.0 = Debug|Any CPU
		{B1EE538E-9C94-4773-BBF0-C0B5E94FA3F1}.Release|Any CPU.ActiveCfg = Release|Any CPU
		{B1EE538E-9C94-4773-BBF0-C0B5E94FA3F1}.Release|Any CPU.Build.0 = Release|Any CPU
		{C8C4E92A-793F-431E-858E-0190A24E35D2}.Debug|Any CPU.ActiveCfg = Debug|Any CPU
		{C8C4E92A-793F-431E-858E-0190A24E35D2}.Debug|Any CPU.Build.0 = Debug|Any CPU
		{C8C4E92A-793F-431E-858E-0190A24E35D2}.Release|Any CPU.ActiveCfg = Release|Any CPU
		{C8C4E92A-793F-431E-858E-0190A24E35D2}.Release|Any CPU.Build.0 = Release|Any CPU
		{5D4E1B12-E20D-4918-A4DC-FFF4EC0EEDE1}.Debug|Any CPU.ActiveCfg = Debug|Any CPU
		{5D4E1B12-E20D-4918-A4DC-FFF4EC0EEDE1}.Debug|Any CPU.Build.0 = Debug|Any CPU
		{5D4E1B12-E20D-4918-A4DC-FFF4EC0EEDE1}.Release|Any CPU.ActiveCfg = Release|Any CPU
		{5D4E1B12-E20D-4918-A4DC-FFF4EC0EEDE1}.Release|Any CPU.Build.0 = Release|Any CPU
		{4C123014-3A3B-40AA-92CD-1488FD0A28D3}.Debug|Any CPU.ActiveCfg = Debug|Any CPU
		{4C123014-3A3B-40AA-92CD-1488FD0A28D3}.Debug|Any CPU.Build.0 = Debug|Any CPU
		{4C123014-3A3B-40AA-92CD-1488FD0A28D3}.Release|Any CPU.ActiveCfg = Release|Any CPU
		{4C123014-3A3B-40AA-92CD-1488FD0A28D3}.Release|Any CPU.Build.0 = Release|Any CPU
	EndGlobalSection
	GlobalSection(SolutionProperties) = preSolution
		HideSolutionNode = FALSE
	EndGlobalSection
	GlobalSection(NestedProjects) = preSolution
		{5D4E1B12-E20D-4918-A4DC-FFF4EC0EEDE1} = {192E67B9-9A22-4A5F-BBFD-608F4A6C2807}
		{4C123014-3A3B-40AA-92CD-1488FD0A28D3} = {192E67B9-9A22-4A5F-BBFD-608F4A6C2807}
	EndGlobalSection
	GlobalSection(ExtensibilityGlobals) = postSolution
		SolutionGuid = {451779D3-6D5D-4290-A6AB-7EBAD1F2C8C5}
	EndGlobalSection
EndGlobal
